// !$*UTF8*$!
{
	archiveVersion = 1;
	classes = {
	};
	objectVersion = 46;
	objects = {

/* Begin PBXBuildFile section */
		30097CBE16972ADA00D4F5BE /* ProfileSample.cpp in Sources */ = {isa = PBXBuildFile; fileRef = 30097CBD16972ADA00D4F5BE /* ProfileSample.cpp */; };
		301FB223168149AD00792EE9 /* SenTestingKit.framework in Frameworks */ = {isa = PBXBuildFile; fileRef = 301FB222168149AD00792EE9 /* SenTestingKit.framework */; };
		301FB224168149AD00792EE9 /* Cocoa.framework in Frameworks */ = {isa = PBXBuildFile; fileRef = 301FB204168149AC00792EE9 /* Cocoa.framework */; };
		301FB22C168149AD00792EE9 /* InfoPlist.strings in Resources */ = {isa = PBXBuildFile; fileRef = 301FB22A168149AD00792EE9 /* InfoPlist.strings */; };
		301FB22F168149AE00792EE9 /* NecromancerTests.m in Sources */ = {isa = PBXBuildFile; fileRef = 301FB22E168149AE00792EE9 /* NecromancerTests.m */; };
		301FB24916814D7800792EE9 /* OpenGL.framework in Frameworks */ = {isa = PBXBuildFile; fileRef = 301FB24816814D7800792EE9 /* OpenGL.framework */; };
		302E7BB21688EBEA00B6CF2C /* libglfw.a in Frameworks */ = {isa = PBXBuildFile; fileRef = 302E7BB11688EBEA00B6CF2C /* libglfw.a */; };
		303CBA4A1686E8080036BD45 /* Cocoa.framework in Frameworks */ = {isa = PBXBuildFile; fileRef = 30F9AEA41683250B00B29F8B /* Cocoa.framework */; };
		303CBA4D1686EA2D0036BD45 /* IOKit.framework in Frameworks */ = {isa = PBXBuildFile; fileRef = 303CBA4C1686EA2D0036BD45 /* IOKit.framework */; };
		3074880A169ED0F20059D1ED /* SettingsManager.cpp in Sources */ = {isa = PBXBuildFile; fileRef = 30748809169ED0F20059D1ED /* SettingsManager.cpp */; };
		3074880C169F6E800059D1ED /* ManagedMemObj.cpp in Sources */ = {isa = PBXBuildFile; fileRef = 3074880B169F6E800059D1ED /* ManagedMemObj.cpp */; };
		30748810169F80E60059D1ED /* ProfileLogHandler.cpp in Sources */ = {isa = PBXBuildFile; fileRef = 3074880F169F80E60059D1ED /* ProfileLogHandler.cpp */; };
		309C666A1693D69400DDDCD3 /* main.mm in Sources */ = {isa = PBXBuildFile; fileRef = 309C66581693D69400DDDCD3 /* main.mm */; };
		309C666B1693D69400DDDCD3 /* ShaderLoaderProgram.cpp in Sources */ = {isa = PBXBuildFile; fileRef = 309C66641693D69400DDDCD3 /* ShaderLoaderProgram.cpp */; };
		309C666C1693D69400DDDCD3 /* ShaderCompiler.cpp in Sources */ = {isa = PBXBuildFile; fileRef = 309C66671693D69400DDDCD3 /* ShaderCompiler.cpp */; };
		30AAF13816976DEE00ED674A /* Shaders in Resources */ = {isa = PBXBuildFile; fileRef = 30AAF13716976DEE00ED674A /* Shaders */; };
		30AAF13A16976E1700ED674A /* Models in Resources */ = {isa = PBXBuildFile; fileRef = 30AAF13916976E1700ED674A /* Models */; };
		30F3EF3B169CA03F001DEE86 /* Log.cpp in Sources */ = {isa = PBXBuildFile; fileRef = 30F3EF39169CA03F001DEE86 /* Log.cpp */; };
		30F3EF40169CD205001DEE86 /* logMessageStringTable.txt in Resources */ = {isa = PBXBuildFile; fileRef = 30F3EF3F169CD205001DEE86 /* logMessageStringTable.txt */; };
/* End PBXBuildFile section */

/* Begin PBXContainerItemProxy section */
		301FB225168149AD00792EE9 /* PBXContainerItemProxy */ = {
			isa = PBXContainerItemProxy;
			containerPortal = 301FB1F7168149AC00792EE9 /* Project object */;
			proxyType = 1;
			remoteGlobalIDString = 301FB1FF168149AC00792EE9;
			remoteInfo = Necromancer;
		};
/* End PBXContainerItemProxy section */

/* Begin PBXFileReference section */
		30097CBD16972ADA00D4F5BE /* ProfileSample.cpp */ = {isa = PBXFileReference; fileEncoding = 4; lastKnownFileType = sourcecode.cpp.cpp; path = ProfileSample.cpp; sourceTree = "<group>"; };
		301FB200168149AC00792EE9 /* Necromancer.app */ = {isa = PBXFileReference; explicitFileType = wrapper.application; includeInIndex = 0; path = Necromancer.app; sourceTree = BUILT_PRODUCTS_DIR; };
		301FB204168149AC00792EE9 /* Cocoa.framework */ = {isa = PBXFileReference; lastKnownFileType = wrapper.framework; name = Cocoa.framework; path = System/Library/Frameworks/Cocoa.framework; sourceTree = SDKROOT; };
		301FB207168149AC00792EE9 /* AppKit.framework */ = {isa = PBXFileReference; lastKnownFileType = wrapper.framework; name = AppKit.framework; path = System/Library/Frameworks/AppKit.framework; sourceTree = SDKROOT; };
		301FB208168149AC00792EE9 /* CoreData.framework */ = {isa = PBXFileReference; lastKnownFileType = wrapper.framework; name = CoreData.framework; path = System/Library/Frameworks/CoreData.framework; sourceTree = SDKROOT; };
		301FB209168149AC00792EE9 /* Foundation.framework */ = {isa = PBXFileReference; lastKnownFileType = wrapper.framework; name = Foundation.framework; path = System/Library/Frameworks/Foundation.framework; sourceTree = SDKROOT; };
		301FB221168149AD00792EE9 /* NecromancerTests.octest */ = {isa = PBXFileReference; explicitFileType = wrapper.cfbundle; includeInIndex = 0; path = NecromancerTests.octest; sourceTree = BUILT_PRODUCTS_DIR; };
		301FB222168149AD00792EE9 /* SenTestingKit.framework */ = {isa = PBXFileReference; lastKnownFileType = wrapper.framework; name = SenTestingKit.framework; path = Library/Frameworks/SenTestingKit.framework; sourceTree = DEVELOPER_DIR; };
		301FB229168149AD00792EE9 /* NecromancerTests-Info.plist */ = {isa = PBXFileReference; lastKnownFileType = text.plist.xml; path = "NecromancerTests-Info.plist"; sourceTree = "<group>"; };
		301FB22B168149AD00792EE9 /* en */ = {isa = PBXFileReference; lastKnownFileType = text.plist.strings; name = en; path = en.lproj/InfoPlist.strings; sourceTree = "<group>"; };
		301FB22D168149AD00792EE9 /* NecromancerTests.h */ = {isa = PBXFileReference; lastKnownFileType = sourcecode.c.h; path = NecromancerTests.h; sourceTree = "<group>"; };
		301FB22E168149AE00792EE9 /* NecromancerTests.m */ = {isa = PBXFileReference; lastKnownFileType = sourcecode.c.objc; path = NecromancerTests.m; sourceTree = "<group>"; };
		301FB24816814D7800792EE9 /* OpenGL.framework */ = {isa = PBXFileReference; lastKnownFileType = wrapper.framework; name = OpenGL.framework; path = System/Library/Frameworks/OpenGL.framework; sourceTree = SDKROOT; };
		302E7BB11688EBEA00B6CF2C /* libglfw.a */ = {isa = PBXFileReference; lastKnownFileType = archive.ar; path = libglfw.a; sourceTree = "<group>"; };
		303CBA4C1686EA2D0036BD45 /* IOKit.framework */ = {isa = PBXFileReference; lastKnownFileType = wrapper.framework; name = IOKit.framework; path = ../../../../../../System/Library/Frameworks/IOKit.framework; sourceTree = "<group>"; };
		304C51881687F438007167B3 /* libglfw.a */ = {isa = PBXFileReference; lastKnownFileType = archive.ar; name = libglfw.a; path = "../Third Party Software/glfw/libglfw.a"; sourceTree = "<group>"; };
		30748806169EB5940059D1ED /* ListDator.h */ = {isa = PBXFileReference; fileEncoding = 4; lastKnownFileType = sourcecode.c.h; path = ListDator.h; sourceTree = "<group>"; };
		30748808169EC4BE0059D1ED /* SettingsManager.h */ = {isa = PBXFileReference; fileEncoding = 4; lastKnownFileType = sourcecode.c.h; path = SettingsManager.h; sourceTree = "<group>"; };
		30748809169ED0F20059D1ED /* SettingsManager.cpp */ = {isa = PBXFileReference; fileEncoding = 4; lastKnownFileType = sourcecode.cpp.cpp; path = SettingsManager.cpp; sourceTree = "<group>"; };
		3074880B169F6E800059D1ED /* ManagedMemObj.cpp */ = {isa = PBXFileReference; fileEncoding = 4; lastKnownFileType = sourcecode.cpp.cpp; path = ManagedMemObj.cpp; sourceTree = "<group>"; };
		3074880F169F80E60059D1ED /* ProfileLogHandler.cpp */ = {isa = PBXFileReference; fileEncoding = 4; lastKnownFileType = sourcecode.cpp.cpp; path = ProfileLogHandler.cpp; sourceTree = "<group>"; };
		30748817169FF0A10059D1ED /* DIR_README.txt */ = {isa = PBXFileReference; lastKnownFileType = text; path = DIR_README.txt; sourceTree = "<group>"; };
		30748818169FFDED0059D1ED /* Global.h */ = {isa = PBXFileReference; fileEncoding = 4; lastKnownFileType = sourcecode.c.h; path = Global.h; sourceTree = "<group>"; };
		309C66511693D69400DDDCD3 /* Engine Layout.gif */ = {isa = PBXFileReference; lastKnownFileType = image.gif; path = "Engine Layout.gif"; sourceTree = "<group>"; };
		309C66531693D69400DDDCD3 /* IProfileOutputHandler.h */ = {isa = PBXFileReference; fileEncoding = 4; lastKnownFileType = sourcecode.c.h; path = IProfileOutputHandler.h; sourceTree = "<group>"; };
		309C66541693D69400DDDCD3 /* Log.h */ = {isa = PBXFileReference; fileEncoding = 4; lastKnownFileType = sourcecode.c.h; path = Log.h; sourceTree = "<group>"; };
		309C66551693D69400DDDCD3 /* NEAssert.h */ = {isa = PBXFileReference; fileEncoding = 4; lastKnownFileType = sourcecode.c.h; path = NEAssert.h; sourceTree = "<group>"; };
		309C66561693D69400DDDCD3 /* ProfileLogHandler.h */ = {isa = PBXFileReference; fileEncoding = 4; lastKnownFileType = sourcecode.c.h; path = ProfileLogHandler.h; sourceTree = "<group>"; };
		309C66571693D69400DDDCD3 /* ProfileSample.h */ = {isa = PBXFileReference; fileEncoding = 4; lastKnownFileType = sourcecode.c.h; path = ProfileSample.h; sourceTree = "<group>"; };
		309C66581693D69400DDDCD3 /* main.mm */ = {isa = PBXFileReference; fileEncoding = 4; lastKnownFileType = sourcecode.cpp.objcpp; path = main.mm; sourceTree = "<group>"; };
		309C665A1693D69400DDDCD3 /* DynamicBufferWrapper.h */ = {isa = PBXFileReference; fileEncoding = 4; lastKnownFileType = sourcecode.c.h; path = DynamicBufferWrapper.h; sourceTree = "<group>"; };
		309C665B1693D69400DDDCD3 /* Functor.h */ = {isa = PBXFileReference; fileEncoding = 4; lastKnownFileType = sourcecode.c.h; path = Functor.h; sourceTree = "<group>"; };
		309C665C1693D69400DDDCD3 /* ManagedMemObj.h */ = {isa = PBXFileReference; fileEncoding = 4; lastKnownFileType = sourcecode.c.h; path = ManagedMemObj.h; sourceTree = "<group>"; };
		309C665D1693D69400DDDCD3 /* ManMemObjFunctor.h */ = {isa = PBXFileReference; fileEncoding = 4; lastKnownFileType = sourcecode.c.h; path = ManMemObjFunctor.h; sourceTree = "<group>"; };
		309C665E1693D69400DDDCD3 /* ManMemPointer.h */ = {isa = PBXFileReference; fileEncoding = 4; lastKnownFileType = sourcecode.c.h; path = ManMemPointer.h; sourceTree = "<group>"; };
		309C665F1693D69400DDDCD3 /* ObjFunctor.h */ = {isa = PBXFileReference; fileEncoding = 4; lastKnownFileType = sourcecode.c.h; path = ObjFunctor.h; sourceTree = "<group>"; };
		309C66601693D69400DDDCD3 /* RingBuffer.h */ = {isa = PBXFileReference; fileEncoding = 4; lastKnownFileType = sourcecode.c.h; path = RingBuffer.h; sourceTree = "<group>"; };
		309C66611693D69400DDDCD3 /* Singleton.h */ = {isa = PBXFileReference; fileEncoding = 4; lastKnownFileType = sourcecode.c.h; path = Singleton.h; sourceTree = "<group>"; };
		309C66621693D69400DDDCD3 /* StaticBufferWrapper.h */ = {isa = PBXFileReference; fileEncoding = 4; lastKnownFileType = sourcecode.c.h; path = StaticBufferWrapper.h; sourceTree = "<group>"; };
		309C66641693D69400DDDCD3 /* ShaderLoaderProgram.cpp */ = {isa = PBXFileReference; fileEncoding = 4; lastKnownFileType = sourcecode.cpp.cpp; path = ShaderLoaderProgram.cpp; sourceTree = "<group>"; };
		309C66651693D69400DDDCD3 /* ShaderLoaderProgram.h */ = {isa = PBXFileReference; fileEncoding = 4; lastKnownFileType = sourcecode.c.h; path = ShaderLoaderProgram.h; sourceTree = "<group>"; };
		309C66671693D69400DDDCD3 /* ShaderCompiler.cpp */ = {isa = PBXFileReference; fileEncoding = 4; lastKnownFileType = sourcecode.cpp.cpp; path = ShaderCompiler.cpp; sourceTree = "<group>"; };
		309C66681693D69400DDDCD3 /* ShaderCompiler.h */ = {isa = PBXFileReference; fileEncoding = 4; lastKnownFileType = sourcecode.c.h; path = ShaderCompiler.h; sourceTree = "<group>"; };
		30AAF13716976DEE00ED674A /* Shaders */ = {isa = PBXFileReference; lastKnownFileType = folder; path = Shaders; sourceTree = "<group>"; };
		30AAF13916976E1700ED674A /* Models */ = {isa = PBXFileReference; lastKnownFileType = folder; path = Models; sourceTree = "<group>"; };
		30F3EF39169CA03F001DEE86 /* Log.cpp */ = {isa = PBXFileReference; fileEncoding = 4; lastKnownFileType = sourcecode.cpp.cpp; path = Log.cpp; sourceTree = "<group>"; };
		30F3EF3F169CD205001DEE86 /* logMessageStringTable.txt */ = {isa = PBXFileReference; fileEncoding = 4; lastKnownFileType = text; path = logMessageStringTable.txt; sourceTree = "<group>"; };
		30F3EF42169D2E78001DEE86 /* BaseDator.h */ = {isa = PBXFileReference; fileEncoding = 4; lastKnownFileType = sourcecode.c.h; path = BaseDator.h; sourceTree = "<group>"; };
		30F3EF44169D31CB001DEE86 /* Dator.h */ = {isa = PBXFileReference; fileEncoding = 4; lastKnownFileType = sourcecode.c.h; path = Dator.h; sourceTree = "<group>"; };
		30F9AEA41683250B00B29F8B /* Cocoa.framework */ = {isa = PBXFileReference; lastKnownFileType = wrapper.framework; name = Cocoa.framework; path = ../../../../../../System/Library/Frameworks/Cocoa.framework; sourceTree = "<group>"; };
/* End PBXFileReference section */

/* Begin PBXFrameworksBuildPhase section */
		301FB1FD168149AC00792EE9 /* Frameworks */ = {
			isa = PBXFrameworksBuildPhase;
			buildActionMask = 2147483647;
			files = (
				303CBA4D1686EA2D0036BD45 /* IOKit.framework in Frameworks */,
				303CBA4A1686E8080036BD45 /* Cocoa.framework in Frameworks */,
				301FB24916814D7800792EE9 /* OpenGL.framework in Frameworks */,
				302E7BB21688EBEA00B6CF2C /* libglfw.a in Frameworks */,
			);
			runOnlyForDeploymentPostprocessing = 0;
		};
		301FB21D168149AD00792EE9 /* Frameworks */ = {
			isa = PBXFrameworksBuildPhase;
			buildActionMask = 2147483647;
			files = (
				301FB223168149AD00792EE9 /* SenTestingKit.framework in Frameworks */,
				301FB224168149AD00792EE9 /* Cocoa.framework in Frameworks */,
			);
			runOnlyForDeploymentPostprocessing = 0;
		};
/* End PBXFrameworksBuildPhase section */

/* Begin PBXGroup section */
		3015E6D8168151E0006361C5 /* Third Party Software */ = {
			isa = PBXGroup;
			children = (
				302E7BB01688EBEA00B6CF2C /* glfw */,
			);
			name = "Third Party Software";
			path = "../Third Party Software";
			sourceTree = "<group>";
		};
		301FB1F5168149AC00792EE9 = {
			isa = PBXGroup;
			children = (
				304C51881687F438007167B3 /* libglfw.a */,
				303CBA4C1686EA2D0036BD45 /* IOKit.framework */,
				30F9AEA41683250B00B29F8B /* Cocoa.framework */,
				3015E6D8168151E0006361C5 /* Third Party Software */,
				301FB24816814D7800792EE9 /* OpenGL.framework */,
				301FB227168149AD00792EE9 /* NecromancerTests */,
				301FB203168149AC00792EE9 /* Frameworks */,
				301FB201168149AC00792EE9 /* Products */,
				309C666E1693D6E900DDDCD3 /* NecroResources */,
				309C664F1693D69400DDDCD3 /* NetherEngine */,
			);
			sourceTree = "<group>";
		};
		301FB201168149AC00792EE9 /* Products */ = {
			isa = PBXGroup;
			children = (
				301FB200168149AC00792EE9 /* Necromancer.app */,
				301FB221168149AD00792EE9 /* NecromancerTests.octest */,
			);
			name = Products;
			sourceTree = "<group>";
		};
		301FB203168149AC00792EE9 /* Frameworks */ = {
			isa = PBXGroup;
			children = (
				301FB204168149AC00792EE9 /* Cocoa.framework */,
				301FB222168149AD00792EE9 /* SenTestingKit.framework */,
				301FB206168149AC00792EE9 /* Other Frameworks */,
			);
			name = Frameworks;
			sourceTree = "<group>";
		};
		301FB206168149AC00792EE9 /* Other Frameworks */ = {
			isa = PBXGroup;
			children = (
				301FB207168149AC00792EE9 /* AppKit.framework */,
				301FB208168149AC00792EE9 /* CoreData.framework */,
				301FB209168149AC00792EE9 /* Foundation.framework */,
			);
			name = "Other Frameworks";
			sourceTree = "<group>";
		};
		301FB227168149AD00792EE9 /* NecromancerTests */ = {
			isa = PBXGroup;
			children = (
				301FB22D168149AD00792EE9 /* NecromancerTests.h */,
				301FB22E168149AE00792EE9 /* NecromancerTests.m */,
				301FB228168149AD00792EE9 /* Supporting Files */,
			);
			path = NecromancerTests;
			sourceTree = "<group>";
		};
		301FB228168149AD00792EE9 /* Supporting Files */ = {
			isa = PBXGroup;
			children = (
				301FB229168149AD00792EE9 /* NecromancerTests-Info.plist */,
				301FB22A168149AD00792EE9 /* InfoPlist.strings */,
			);
			name = "Supporting Files";
			sourceTree = "<group>";
		};
		302E7BB01688EBEA00B6CF2C /* glfw */ = {
			isa = PBXGroup;
			children = (
				302E7BB11688EBEA00B6CF2C /* libglfw.a */,
			);
			path = glfw;
			sourceTree = "<group>";
		};
		30748807169EC4A40059D1ED /* Settings */ = {
			isa = PBXGroup;
			children = (
				30748808169EC4BE0059D1ED /* SettingsManager.h */,
				30748809169ED0F20059D1ED /* SettingsManager.cpp */,
				30748818169FFDED0059D1ED /* Global.h */,
			);
			path = Settings;
			sourceTree = "<group>";
		};
		309C664F1693D69400DDDCD3 /* NetherEngine */ = {
			isa = PBXGroup;
			children = (
				30748807169EC4A40059D1ED /* Settings */,
				309C66501693D69400DDDCD3 /* Engine Reference */,
				309C66521693D69400DDDCD3 /* Errors and Debug */,
				309C66581693D69400DDDCD3 /* main.mm */,
				309C66591693D69400DDDCD3 /* Memory Management */,
				309C66631693D69400DDDCD3 /* Scene Loader */,
			);
			name = NetherEngine;
			path = ../NetherEngine;
			sourceTree = "<group>";
		};
		309C66501693D69400DDDCD3 /* Engine Reference */ = {
			isa = PBXGroup;
			children = (
				309C66511693D69400DDDCD3 /* Engine Layout.gif */,
			);
			path = "Engine Reference";
			sourceTree = "<group>";
		};
		309C66521693D69400DDDCD3 /* Errors and Debug */ = {
			isa = PBXGroup;
			children = (
				309C66541693D69400DDDCD3 /* Log.h */,
				30F3EF39169CA03F001DEE86 /* Log.cpp */,
				309C66551693D69400DDDCD3 /* NEAssert.h */,
				309C66531693D69400DDDCD3 /* IProfileOutputHandler.h */,
				309C66561693D69400DDDCD3 /* ProfileLogHandler.h */,
				3074880F169F80E60059D1ED /* ProfileLogHandler.cpp */,
				309C66571693D69400DDDCD3 /* ProfileSample.h */,
				30097CBD16972ADA00D4F5BE /* ProfileSample.cpp */,
			);
			path = "Errors and Debug";
			sourceTree = "<group>";
		};
		309C66591693D69400DDDCD3 /* Memory Management */ = {
			isa = PBXGroup;
			children = (
				309C665A1693D69400DDDCD3 /* DynamicBufferWrapper.h */,
				309C665B1693D69400DDDCD3 /* Functor.h */,
				309C665C1693D69400DDDCD3 /* ManagedMemObj.h */,
				3074880B169F6E800059D1ED /* ManagedMemObj.cpp */,
				309C665E1693D69400DDDCD3 /* ManMemPointer.h */,
				309C665F1693D69400DDDCD3 /* ObjFunctor.h */,
				309C665D1693D69400DDDCD3 /* ManMemObjFunctor.h */,
				309C66601693D69400DDDCD3 /* RingBuffer.h */,
				309C66611693D69400DDDCD3 /* Singleton.h */,
				309C66621693D69400DDDCD3 /* StaticBufferWrapper.h */,
				30F3EF42169D2E78001DEE86 /* BaseDator.h */,
				30F3EF44169D31CB001DEE86 /* Dator.h */,
				30748806169EB5940059D1ED /* ListDator.h */,
			);
			path = "Memory Management";
			sourceTree = "<group>";
		};
		309C66631693D69400DDDCD3 /* Scene Loader */ = {
			isa = PBXGroup;
			children = (
				309C66651693D69400DDDCD3 /* ShaderLoaderProgram.h */,
				309C66641693D69400DDDCD3 /* ShaderLoaderProgram.cpp */,
				309C66661693D69400DDDCD3 /* Shaders */,
			);
			path = "Scene Loader";
			sourceTree = "<group>";
		};
		309C66661693D69400DDDCD3 /* Shaders */ = {
			isa = PBXGroup;
			children = (
				309C66681693D69400DDDCD3 /* ShaderCompiler.h */,
				309C66671693D69400DDDCD3 /* ShaderCompiler.cpp */,
			);
			path = Shaders;
			sourceTree = "<group>";
		};
		309C666E1693D6E900DDDCD3 /* NecroResources */ = {
			isa = PBXGroup;
			children = (
				30748817169FF0A10059D1ED /* DIR_README.txt */,
				30F3EF3F169CD205001DEE86 /* logMessageStringTable.txt */,
				30AAF13916976E1700ED674A /* Models */,
				30AAF13716976DEE00ED674A /* Shaders */,
			);
			name = NecroResources;
			path = ../NecroResources;
			sourceTree = "<group>";
		};
/* End PBXGroup section */

/* Begin PBXNativeTarget section */
		301FB1FF168149AC00792EE9 /* Necromancer */ = {
			isa = PBXNativeTarget;
			buildConfigurationList = 301FB232168149AE00792EE9 /* Build configuration list for PBXNativeTarget "Necromancer" */;
			buildPhases = (
				301FB1FC168149AC00792EE9 /* Sources */,
				301FB1FD168149AC00792EE9 /* Frameworks */,
				301FB1FE168149AC00792EE9 /* Resources */,
			);
			buildRules = (
			);
			dependencies = (
			);
			name = Necromancer;
			productName = Necromancer;
			productReference = 301FB200168149AC00792EE9 /* Necromancer.app */;
			productType = "com.apple.product-type.application";
		};
		301FB220168149AD00792EE9 /* NecromancerTests */ = {
			isa = PBXNativeTarget;
			buildConfigurationList = 301FB235168149AE00792EE9 /* Build configuration list for PBXNativeTarget "NecromancerTests" */;
			buildPhases = (
				301FB21C168149AD00792EE9 /* Sources */,
				301FB21D168149AD00792EE9 /* Frameworks */,
				301FB21E168149AD00792EE9 /* Resources */,
				301FB21F168149AD00792EE9 /* ShellScript */,
			);
			buildRules = (
			);
			dependencies = (
				301FB226168149AD00792EE9 /* PBXTargetDependency */,
			);
			name = NecromancerTests;
			productName = NecromancerTests;
			productReference = 301FB221168149AD00792EE9 /* NecromancerTests.octest */;
			productType = "com.apple.product-type.bundle";
		};
/* End PBXNativeTarget section */

/* Begin PBXProject section */
		301FB1F7168149AC00792EE9 /* Project object */ = {
			isa = PBXProject;
			attributes = {
				LastUpgradeCheck = 0450;
				ORGANIZATIONNAME = "Colin Currie";
			};
			buildConfigurationList = 301FB1FA168149AC00792EE9 /* Build configuration list for PBXProject "Necromancer" */;
			compatibilityVersion = "Xcode 3.2";
			developmentRegion = English;
			hasScannedForEncodings = 0;
			knownRegions = (
				en,
			);
			mainGroup = 301FB1F5168149AC00792EE9;
			productRefGroup = 301FB201168149AC00792EE9 /* Products */;
			projectDirPath = "";
			projectRoot = "";
			targets = (
				301FB1FF168149AC00792EE9 /* Necromancer */,
				301FB220168149AD00792EE9 /* NecromancerTests */,
			);
		};
/* End PBXProject section */

/* Begin PBXResourcesBuildPhase section */
		301FB1FE168149AC00792EE9 /* Resources */ = {
			isa = PBXResourcesBuildPhase;
			buildActionMask = 2147483647;
			files = (
				30AAF13816976DEE00ED674A /* Shaders in Resources */,
				30AAF13A16976E1700ED674A /* Models in Resources */,
				30F3EF40169CD205001DEE86 /* logMessageStringTable.txt in Resources */,
			);
			runOnlyForDeploymentPostprocessing = 0;
		};
		301FB21E168149AD00792EE9 /* Resources */ = {
			isa = PBXResourcesBuildPhase;
			buildActionMask = 2147483647;
			files = (
				301FB22C168149AD00792EE9 /* InfoPlist.strings in Resources */,
			);
			runOnlyForDeploymentPostprocessing = 0;
		};
/* End PBXResourcesBuildPhase section */

/* Begin PBXShellScriptBuildPhase section */
		301FB21F168149AD00792EE9 /* ShellScript */ = {
			isa = PBXShellScriptBuildPhase;
			buildActionMask = 2147483647;
			files = (
			);
			inputPaths = (
			);
			outputPaths = (
			);
			runOnlyForDeploymentPostprocessing = 0;
			shellPath = /bin/sh;
			shellScript = "# Run the unit tests in this test bundle.\n\"${SYSTEM_DEVELOPER_DIR}/Tools/RunUnitTests\"\n";
		};
/* End PBXShellScriptBuildPhase section */

/* Begin PBXSourcesBuildPhase section */
		301FB1FC168149AC00792EE9 /* Sources */ = {
			isa = PBXSourcesBuildPhase;
			buildActionMask = 2147483647;
			files = (
				309C666A1693D69400DDDCD3 /* main.mm in Sources */,
				3074880A169ED0F20059D1ED /* SettingsManager.cpp in Sources */,
				30F3EF3B169CA03F001DEE86 /* Log.cpp in Sources */,
				3074880C169F6E800059D1ED /* ManagedMemObj.cpp in Sources */,
				30748810169F80E60059D1ED /* ProfileLogHandler.cpp in Sources */,
				30097CBE16972ADA00D4F5BE /* ProfileSample.cpp in Sources */,
				309C666B1693D69400DDDCD3 /* ShaderLoaderProgram.cpp in Sources */,
				309C666C1693D69400DDDCD3 /* ShaderCompiler.cpp in Sources */,
			);
			runOnlyForDeploymentPostprocessing = 0;
		};
		301FB21C168149AD00792EE9 /* Sources */ = {
			isa = PBXSourcesBuildPhase;
			buildActionMask = 2147483647;
			files = (
				301FB22F168149AE00792EE9 /* NecromancerTests.m in Sources */,
			);
			runOnlyForDeploymentPostprocessing = 0;
		};
/* End PBXSourcesBuildPhase section */

/* Begin PBXTargetDependency section */
		301FB226168149AD00792EE9 /* PBXTargetDependency */ = {
			isa = PBXTargetDependency;
			target = 301FB1FF168149AC00792EE9 /* Necromancer */;
			targetProxy = 301FB225168149AD00792EE9 /* PBXContainerItemProxy */;
		};
/* End PBXTargetDependency section */

/* Begin PBXVariantGroup section */
		301FB22A168149AD00792EE9 /* InfoPlist.strings */ = {
			isa = PBXVariantGroup;
			children = (
				301FB22B168149AD00792EE9 /* en */,
			);
			name = InfoPlist.strings;
			sourceTree = "<group>";
		};
/* End PBXVariantGroup section */

/* Begin XCBuildConfiguration section */
		301FB230168149AE00792EE9 /* Debug */ = {
			isa = XCBuildConfiguration;
			buildSettings = {
				ALWAYS_SEARCH_USER_PATHS = NO;
				ARCHS = "$(ARCHS_STANDARD_64_BIT)";
				CLANG_CXX_LANGUAGE_STANDARD = "gnu++0x";
				CLANG_CXX_LIBRARY = "libc++";
				CLANG_ENABLE_OBJC_ARC = YES;
				CLANG_WARN_EMPTY_BODY = YES;
				CLANG_WARN__DUPLICATE_METHOD_MATCH = YES;
				COPY_PHASE_STRIP = NO;
				GCC_C_LANGUAGE_STANDARD = gnu99;
				GCC_DYNAMIC_NO_PIC = NO;
				GCC_ENABLE_OBJC_EXCEPTIONS = YES;
				GCC_OPTIMIZATION_LEVEL = 0;
				GCC_PREPROCESSOR_DEFINITIONS = (
					"DEBUG=1",
					"$(inherited)",
				);
				GCC_SYMBOLS_PRIVATE_EXTERN = NO;
				GCC_WARN_64_TO_32_BIT_CONVERSION = YES;
				GCC_WARN_ABOUT_RETURN_TYPE = YES;
				GCC_WARN_UNINITIALIZED_AUTOS = YES;
				GCC_WARN_UNUSED_VARIABLE = YES;
				MACOSX_DEPLOYMENT_TARGET = 10.7;
				ONLY_ACTIVE_ARCH = YES;
				SDKROOT = macosx;
			};
			name = Debug;
		};
		301FB231168149AE00792EE9 /* Release */ = {
			isa = XCBuildConfiguration;
			buildSettings = {
				ALWAYS_SEARCH_USER_PATHS = NO;
				ARCHS = "$(ARCHS_STANDARD_64_BIT)";
				CLANG_CXX_LANGUAGE_STANDARD = "gnu++0x";
				CLANG_CXX_LIBRARY = "libc++";
				CLANG_ENABLE_OBJC_ARC = YES;
				CLANG_WARN_EMPTY_BODY = YES;
				CLANG_WARN__DUPLICATE_METHOD_MATCH = YES;
				COPY_PHASE_STRIP = YES;
				DEBUG_INFORMATION_FORMAT = "dwarf-with-dsym";
				GCC_C_LANGUAGE_STANDARD = gnu99;
				GCC_ENABLE_OBJC_EXCEPTIONS = YES;
				GCC_WARN_64_TO_32_BIT_CONVERSION = YES;
				GCC_WARN_ABOUT_RETURN_TYPE = YES;
				GCC_WARN_UNINITIALIZED_AUTOS = YES;
				GCC_WARN_UNUSED_VARIABLE = YES;
				MACOSX_DEPLOYMENT_TARGET = 10.7;
				SDKROOT = macosx;
			};
			name = Release;
		};
		301FB233168149AE00792EE9 /* Debug */ = {
			isa = XCBuildConfiguration;
			buildSettings = {
				ALWAYS_SEARCH_USER_PATHS = NO;
				COMBINE_HIDPI_IMAGES = YES;
				GCC_PRECOMPILE_PREFIX_HEADER = YES;
				GCC_PREFIX_HEADER = "Necromancer/Necromancer-Prefix.pch";
				"HEADER_SEARCH_PATHS[arch=*]" = /opt/local/include;
				INCLUDED_RECURSIVE_SEARCH_PATH_SUBDIRECTORIES = /opt/local/include;
				INFOPLIST_FILE = "Necromancer/Necromancer-Info.plist";
				LIBRARY_SEARCH_PATHS = (
					"$(inherited)",
					"\"$(SRCROOT)/../Third Party Software/glfw\"",
				);
				"LIBRARY_SEARCH_PATHS[arch=*]" = /opt/local/lib;
				"OTHER_LDFLAGS[arch=*]" = (
					"-lGLEW",
					"-v",
				);
				PRODUCT_NAME = "$(TARGET_NAME)";
				SDKROOT = "";
				WRAPPER_EXTENSION = app;
			};
			name = Debug;
		};
		301FB234168149AE00792EE9 /* Release */ = {
			isa = XCBuildConfiguration;
			buildSettings = {
				ALWAYS_SEARCH_USER_PATHS = NO;
				COMBINE_HIDPI_IMAGES = YES;
				GCC_PRECOMPILE_PREFIX_HEADER = YES;
				GCC_PREFIX_HEADER = "Necromancer/Necromancer-Prefix.pch";
				INFOPLIST_FILE = "Necromancer/Necromancer-Info.plist";
				LIBRARY_SEARCH_PATHS = (
					"$(inherited)",
					"\"$(SRCROOT)/../Third Party Software/glfw\"",
				);
				"LIBRARY_SEARCH_PATHS[arch=*]" = /opt/local/lib;
				PRODUCT_NAME = "$(TARGET_NAME)";
				SDKROOT = "";
				WRAPPER_EXTENSION = app;
			};
			name = Release;
		};
		301FB236168149AE00792EE9 /* Debug */ = {
			isa = XCBuildConfiguration;
			buildSettings = {
				BUNDLE_LOADER = "$(BUILT_PRODUCTS_DIR)/Necromancer.app/Contents/MacOS/Necromancer";
				COMBINE_HIDPI_IMAGES = YES;
				FRAMEWORK_SEARCH_PATHS = "\"$(DEVELOPER_LIBRARY_DIR)/Frameworks\"";
				GCC_PRECOMPILE_PREFIX_HEADER = YES;
				GCC_PREFIX_HEADER = "Necromancer/Necromancer-Prefix.pch";
				INFOPLIST_FILE = "NecromancerTests/NecromancerTests-Info.plist";
				PRODUCT_NAME = "$(TARGET_NAME)";
				TEST_HOST = "$(BUNDLE_LOADER)";
				WRAPPER_EXTENSION = octest;
			};
			name = Debug;
		};
		301FB237168149AE00792EE9 /* Release */ = {
			isa = XCBuildConfiguration;
			buildSettings = {
				BUNDLE_LOADER = "$(BUILT_PRODUCTS_DIR)/Necromancer.app/Contents/MacOS/Necromancer";
				COMBINE_HIDPI_IMAGES = YES;
				FRAMEWORK_SEARCH_PATHS = "\"$(DEVELOPER_LIBRARY_DIR)/Frameworks\"";
				GCC_PRECOMPILE_PREFIX_HEADER = YES;
				GCC_PREFIX_HEADER = "Necromancer/Necromancer-Prefix.pch";
				INFOPLIST_FILE = "NecromancerTests/NecromancerTests-Info.plist";
				PRODUCT_NAME = "$(TARGET_NAME)";
				TEST_HOST = "$(BUNDLE_LOADER)";
				WRAPPER_EXTENSION = octest;
			};
			name = Release;
		};
/* End XCBuildConfiguration section */

/* Begin XCConfigurationList section */
		301FB1FA168149AC00792EE9 /* Build configuration list for PBXProject "Necromancer" */ = {
			isa = XCConfigurationList;
			buildConfigurations = (
				301FB230168149AE00792EE9 /* Debug */,
				301FB231168149AE00792EE9 /* Release */,
			);
			defaultConfigurationIsVisible = 0;
			defaultConfigurationName = Release;
		};
		301FB232168149AE00792EE9 /* Build configuration list for PBXNativeTarget "Necromancer" */ = {
			isa = XCConfigurationList;
			buildConfigurations = (
				301FB233168149AE00792EE9 /* Debug */,
				301FB234168149AE00792EE9 /* Release */,
			);
			defaultConfigurationIsVisible = 0;
			defaultConfigurationName = Release;
		};
		301FB235168149AE00792EE9 /* Build configuration list for PBXNativeTarget "NecromancerTests" */ = {
			isa = XCConfigurationList;
			buildConfigurations = (
				301FB236168149AE00792EE9 /* Debug */,
				301FB237168149AE00792EE9 /* Release */,
			);
			defaultConfigurationIsVisible = 0;
			defaultConfigurationName = Release;
		};
/* End XCConfigurationList section */
	};
	rootObject = 301FB1F7168149AC00792EE9 /* Project object */;
}
